
Microsoft Visual Studio Solution File, Format Version 12.00
# Visual Studio Version 17
VisualStudioVersion = 17.8.34330.188
MinimumVisualStudioVersion = 10.0.40219.1
Project("{FAE04EC0-301F-11D3-BF4B-00C04F79EFBC}") = "FullStackApi", "FullStackApi\FullStackApi.csproj", "{D3785F94-2074-4539-A4F0-8B55F22CC87C}"
EndProject
Global
	GlobalSection(SolutionConfigurationPlatforms) = preSolution
		Debug|Any CPU = Debug|Any CPU
		Release|Any CPU = Release|Any CPU
	EndGlobalSection
	GlobalSection(ProjectConfigurationPlatforms) = postSolution
		{D3785F94-2074-4539-A4F0-8B55F22CC87C}.Debug|Any CPU.ActiveCfg = Debug|Any CPU
		{D3785F94-2074-4539-A4F0-8B55F22CC87C}.Debug|Any CPU.Build.0 = Debug|Any CPU
		{D3785F94-2074-4539-A4F0-8B55F22CC87C}.Release|Any CPU.ActiveCfg = Release|Any CPU
		{D3785F94-2074-4539-A4F0-8B55F22CC87C}.Release|Any CPU.Build.0 = Release|Any CPU
	EndGlobalSection
	GlobalSection(SolutionProperties) = preSolution
		HideSolutionNode = FALSE
	EndGlobalSection
	GlobalSection(ExtensibilityGlobals) = postSolution
		SolutionGuid = {165E5D66-8343-41C6-B485-545B98FCF9E4}
	EndGlobalSection
EndGlobal
